// !$*UTF8*$!
{
	archiveVersion = 1;
	classes = {
	};
	objectVersion = 56;
	objects = {

/* Begin PBXBuildFile section */
		2F70F3242A0A988100921844 /* Kingfisher in Frameworks */ = {isa = PBXBuildFile; productRef = 2F70F3232A0A988100921844 /* Kingfisher */; };
		2FD8C9A02A04F4ED00666609 /* FirebaseFirestore in Frameworks */ = {isa = PBXBuildFile; productRef = 2FD8C99F2A04F4ED00666609 /* FirebaseFirestore */; };
		2FD8C9A22A052C3F00666609 /* AuthViewModel.swift in Sources */ = {isa = PBXBuildFile; fileRef = 2FD8C9A12A052C3F00666609 /* AuthViewModel.swift */; };
		4B19E0D02A088BFF00CF3F42 /* HomeView.swift in Sources */ = {isa = PBXBuildFile; fileRef = 4B19E0CF2A088BFF00CF3F42 /* HomeView.swift */; };
		4B19E0D42A088E9F00CF3F42 /* Color+Extension.swift in Sources */ = {isa = PBXBuildFile; fileRef = 4B19E0D32A088E9F00CF3F42 /* Color+Extension.swift */; };
		4B19E0D62A09EEC200CF3F42 /* MyYomangView.swift in Sources */ = {isa = PBXBuildFile; fileRef = 4B19E0D52A09EEC200CF3F42 /* MyYomangView.swift */; };
		4BE70B4C2A0398E000D7D588 /* YourYomangView.swift in Sources */ = {isa = PBXBuildFile; fileRef = 4BE70B4B2A0398E000D7D588 /* YourYomangView.swift */; };
		68F7D2432A038B3700D7B874 /* YomangApp.swift in Sources */ = {isa = PBXBuildFile; fileRef = 68F7D2422A038B3700D7B874 /* YomangApp.swift */; };
		68F7D2452A038B3700D7B874 /* ContentView.swift in Sources */ = {isa = PBXBuildFile; fileRef = 68F7D2442A038B3700D7B874 /* ContentView.swift */; };
		68F7D2472A038B3800D7B874 /* Assets.xcassets in Resources */ = {isa = PBXBuildFile; fileRef = 68F7D2462A038B3800D7B874 /* Assets.xcassets */; };
		68F7D24A2A038B3800D7B874 /* Preview Assets.xcassets in Resources */ = {isa = PBXBuildFile; fileRef = 68F7D2492A038B3800D7B874 /* Preview Assets.xcassets */; };
		68F7D2542A038B7100D7B874 /* User.swift in Sources */ = {isa = PBXBuildFile; fileRef = 68F7D2532A038B7100D7B874 /* User.swift */; };
		68F7D2592A0390EA00D7B874 /* FirebaseAnalytics in Frameworks */ = {isa = PBXBuildFile; productRef = 68F7D2582A0390EA00D7B874 /* FirebaseAnalytics */; };
		68F7D25B2A0390EA00D7B874 /* FirebaseAnalyticsSwift in Frameworks */ = {isa = PBXBuildFile; productRef = 68F7D25A2A0390EA00D7B874 /* FirebaseAnalyticsSwift */; };
		68F7D25D2A0390EA00D7B874 /* FirebaseAppCheck in Frameworks */ = {isa = PBXBuildFile; productRef = 68F7D25C2A0390EA00D7B874 /* FirebaseAppCheck */; };
		68F7D25F2A0390EA00D7B874 /* FirebaseAuth in Frameworks */ = {isa = PBXBuildFile; productRef = 68F7D25E2A0390EA00D7B874 /* FirebaseAuth */; };
		68F7D2612A0390EA00D7B874 /* FirebaseAuthCombine-Community in Frameworks */ = {isa = PBXBuildFile; productRef = 68F7D2602A0390EA00D7B874 /* FirebaseAuthCombine-Community */; };
		68F7D2632A0390EA00D7B874 /* FirebaseDatabase in Frameworks */ = {isa = PBXBuildFile; productRef = 68F7D2622A0390EA00D7B874 /* FirebaseDatabase */; };
		68F7D2652A0390EA00D7B874 /* FirebaseDatabaseSwift in Frameworks */ = {isa = PBXBuildFile; productRef = 68F7D2642A0390EA00D7B874 /* FirebaseDatabaseSwift */; };
		68F7D2692A0390EA00D7B874 /* FirebaseFirestoreCombine-Community in Frameworks */ = {isa = PBXBuildFile; productRef = 68F7D2682A0390EA00D7B874 /* FirebaseFirestoreCombine-Community */; };
		68F7D26B2A0390EA00D7B874 /* FirebaseFirestoreSwift in Frameworks */ = {isa = PBXBuildFile; productRef = 68F7D26A2A0390EA00D7B874 /* FirebaseFirestoreSwift */; };
		68F7D26D2A0390EA00D7B874 /* FirebaseMessaging in Frameworks */ = {isa = PBXBuildFile; productRef = 68F7D26C2A0390EA00D7B874 /* FirebaseMessaging */; };
		68F7D26F2A0390EA00D7B874 /* FirebaseStorage in Frameworks */ = {isa = PBXBuildFile; productRef = 68F7D26E2A0390EA00D7B874 /* FirebaseStorage */; };
		68F7D2712A0390EA00D7B874 /* FirebaseStorageCombine-Community in Frameworks */ = {isa = PBXBuildFile; productRef = 68F7D2702A0390EA00D7B874 /* FirebaseStorageCombine-Community */; };
		8AB30F9E2A04F78800AB274E /* MatchingCodeView.swift in Sources */ = {isa = PBXBuildFile; fileRef = 8AB30F9D2A04F78800AB274E /* MatchingCodeView.swift */; };
		8AB30FA02A053B1400AB274E /* MatchingLoadingView.swift in Sources */ = {isa = PBXBuildFile; fileRef = 8AB30F9F2A053B1400AB274E /* MatchingLoadingView.swift */; };
		AD24FFB82A0C7A340098DCA9 /* YomangImageView.swift in Sources */ = {isa = PBXBuildFile; fileRef = AD24FFB72A0C7A340098DCA9 /* YomangImageView.swift */; };
		AD24FFC92A0D34280098DCA9 /* MatchingCodeViewModel.swift in Sources */ = {isa = PBXBuildFile; fileRef = AD24FFC82A0D34270098DCA9 /* MatchingCodeViewModel.swift */; };
		C16701882A051A4C00D3DFB4 /* ImageMarkUpView.swift in Sources */ = {isa = PBXBuildFile; fileRef = C16701872A051A4C00D3DFB4 /* ImageMarkUpView.swift */; };
		C167018E2A051BDA00D3DFB4 /* GoogleService-Info.plist in Resources */ = {isa = PBXBuildFile; fileRef = C167018D2A051BDA00D3DFB4 /* GoogleService-Info.plist */; };
		C19ADC302A064A7B0081F760 /* ColorPickerView.swift in Sources */ = {isa = PBXBuildFile; fileRef = C19ADC2F2A064A7B0081F760 /* ColorPickerView.swift */; };
		C19ADC322A064AA20081F760 /* Constants.swift in Sources */ = {isa = PBXBuildFile; fileRef = C19ADC312A064AA20081F760 /* Constants.swift */; };
/* End PBXBuildFile section */

/* Begin PBXFileReference section */
		2FD8C9A12A052C3F00666609 /* AuthViewModel.swift */ = {isa = PBXFileReference; lastKnownFileType = sourcecode.swift; path = AuthViewModel.swift; sourceTree = "<group>"; };
		4B19E0CF2A088BFF00CF3F42 /* HomeView.swift */ = {isa = PBXFileReference; lastKnownFileType = sourcecode.swift; path = HomeView.swift; sourceTree = "<group>"; };
		4B19E0D32A088E9F00CF3F42 /* Color+Extension.swift */ = {isa = PBXFileReference; lastKnownFileType = sourcecode.swift; path = "Color+Extension.swift"; sourceTree = "<group>"; };
		4B19E0D52A09EEC200CF3F42 /* MyYomangView.swift */ = {isa = PBXFileReference; lastKnownFileType = sourcecode.swift; path = MyYomangView.swift; sourceTree = "<group>"; };
		4BE70B4B2A0398E000D7D588 /* YourYomangView.swift */ = {isa = PBXFileReference; lastKnownFileType = sourcecode.swift; path = YourYomangView.swift; sourceTree = "<group>"; };
		68F7D23F2A038B3700D7B874 /* Yomang.app */ = {isa = PBXFileReference; explicitFileType = wrapper.application; includeInIndex = 0; path = Yomang.app; sourceTree = BUILT_PRODUCTS_DIR; };
		68F7D2422A038B3700D7B874 /* YomangApp.swift */ = {isa = PBXFileReference; lastKnownFileType = sourcecode.swift; path = YomangApp.swift; sourceTree = "<group>"; };
		68F7D2442A038B3700D7B874 /* ContentView.swift */ = {isa = PBXFileReference; lastKnownFileType = sourcecode.swift; path = ContentView.swift; sourceTree = "<group>"; };
		68F7D2462A038B3800D7B874 /* Assets.xcassets */ = {isa = PBXFileReference; lastKnownFileType = folder.assetcatalog; path = Assets.xcassets; sourceTree = "<group>"; };
		68F7D2492A038B3800D7B874 /* Preview Assets.xcassets */ = {isa = PBXFileReference; lastKnownFileType = folder.assetcatalog; path = "Preview Assets.xcassets"; sourceTree = "<group>"; };
		68F7D2532A038B7100D7B874 /* User.swift */ = {isa = PBXFileReference; lastKnownFileType = sourcecode.swift; path = User.swift; sourceTree = "<group>"; };
		8AB30F9D2A04F78800AB274E /* MatchingCodeView.swift */ = {isa = PBXFileReference; lastKnownFileType = sourcecode.swift; path = MatchingCodeView.swift; sourceTree = "<group>"; };
		8AB30F9F2A053B1400AB274E /* MatchingLoadingView.swift */ = {isa = PBXFileReference; lastKnownFileType = sourcecode.swift; path = MatchingLoadingView.swift; sourceTree = "<group>"; };
		AD24FFB72A0C7A340098DCA9 /* YomangImageView.swift */ = {isa = PBXFileReference; lastKnownFileType = sourcecode.swift; path = YomangImageView.swift; sourceTree = "<group>"; };
		AD24FFC82A0D34270098DCA9 /* MatchingCodeViewModel.swift */ = {isa = PBXFileReference; fileEncoding = 4; lastKnownFileType = sourcecode.swift; path = MatchingCodeViewModel.swift; sourceTree = "<group>"; };
		C16701872A051A4C00D3DFB4 /* ImageMarkUpView.swift */ = {isa = PBXFileReference; lastKnownFileType = sourcecode.swift; path = ImageMarkUpView.swift; sourceTree = "<group>"; };
		C167018D2A051BDA00D3DFB4 /* GoogleService-Info.plist */ = {isa = PBXFileReference; fileEncoding = 4; lastKnownFileType = text.plist.xml; path = "GoogleService-Info.plist"; sourceTree = "<group>"; };
		C19ADC2F2A064A7B0081F760 /* ColorPickerView.swift */ = {isa = PBXFileReference; lastKnownFileType = sourcecode.swift; path = ColorPickerView.swift; sourceTree = "<group>"; };
		C19ADC312A064AA20081F760 /* Constants.swift */ = {isa = PBXFileReference; lastKnownFileType = sourcecode.swift; path = Constants.swift; sourceTree = "<group>"; };
/* End PBXFileReference section */

/* Begin PBXFrameworksBuildPhase section */
		68F7D23C2A038B3700D7B874 /* Frameworks */ = {
			isa = PBXFrameworksBuildPhase;
			buildActionMask = 2147483647;
			files = (
				68F7D2652A0390EA00D7B874 /* FirebaseDatabaseSwift in Frameworks */,
				2FD8C9A02A04F4ED00666609 /* FirebaseFirestore in Frameworks */,
				2F70F3242A0A988100921844 /* Kingfisher in Frameworks */,
				68F7D2632A0390EA00D7B874 /* FirebaseDatabase in Frameworks */,
				68F7D25B2A0390EA00D7B874 /* FirebaseAnalyticsSwift in Frameworks */,
				68F7D2712A0390EA00D7B874 /* FirebaseStorageCombine-Community in Frameworks */,
				68F7D2692A0390EA00D7B874 /* FirebaseFirestoreCombine-Community in Frameworks */,
				68F7D25D2A0390EA00D7B874 /* FirebaseAppCheck in Frameworks */,
				68F7D26F2A0390EA00D7B874 /* FirebaseStorage in Frameworks */,
				68F7D26B2A0390EA00D7B874 /* FirebaseFirestoreSwift in Frameworks */,
				68F7D2592A0390EA00D7B874 /* FirebaseAnalytics in Frameworks */,
				68F7D25F2A0390EA00D7B874 /* FirebaseAuth in Frameworks */,
				68F7D26D2A0390EA00D7B874 /* FirebaseMessaging in Frameworks */,
				68F7D2612A0390EA00D7B874 /* FirebaseAuthCombine-Community in Frameworks */,
			);
			runOnlyForDeploymentPostprocessing = 0;
		};
/* End PBXFrameworksBuildPhase section */

/* Begin PBXGroup section */
		2FD8C99E2A04F4B900666609 /* Frameworks */ = {
			isa = PBXGroup;
			children = (
			);
			name = Frameworks;
			sourceTree = "<group>";
		};
		4B19E0D22A088E8F00CF3F42 /* Extensions */ = {
			isa = PBXGroup;
			children = (
				4B19E0D32A088E9F00CF3F42 /* Color+Extension.swift */,
			);
			path = Extensions;
			sourceTree = "<group>";
		};
		68F7D2362A038B3700D7B874 = {
			isa = PBXGroup;
			children = (
				68F7D2412A038B3700D7B874 /* Yomang */,
				68F7D2402A038B3700D7B874 /* Products */,
				2FD8C99E2A04F4B900666609 /* Frameworks */,
			);
			sourceTree = "<group>";
		};
		68F7D2402A038B3700D7B874 /* Products */ = {
			isa = PBXGroup;
			children = (
				68F7D23F2A038B3700D7B874 /* Yomang.app */,
			);
			name = Products;
			sourceTree = "<group>";
		};
		68F7D2412A038B3700D7B874 /* Yomang */ = {
			isa = PBXGroup;
			children = (
				4B19E0D22A088E8F00CF3F42 /* Extensions */,
				C167018D2A051BDA00D3DFB4 /* GoogleService-Info.plist */,
				68F7D2502A038B4900D7B874 /* Model */,
				68F7D2512A038B5400D7B874 /* View */,
				68F7D2522A038B6400D7B874 /* ViewModel */,
				68F7D2422A038B3700D7B874 /* YomangApp.swift */,
				68F7D2442A038B3700D7B874 /* ContentView.swift */,
				68F7D2462A038B3800D7B874 /* Assets.xcassets */,
				68F7D2482A038B3800D7B874 /* Preview Content */,
			);
			path = Yomang;
			sourceTree = "<group>";
		};
		68F7D2482A038B3800D7B874 /* Preview Content */ = {
			isa = PBXGroup;
			children = (
				68F7D2492A038B3800D7B874 /* Preview Assets.xcassets */,
			);
			path = "Preview Content";
			sourceTree = "<group>";
		};
		68F7D2502A038B4900D7B874 /* Model */ = {
			isa = PBXGroup;
			children = (
				68F7D2532A038B7100D7B874 /* User.swift */,
			);
			path = Model;
			sourceTree = "<group>";
		};
		68F7D2512A038B5400D7B874 /* View */ = {
			isa = PBXGroup;
			children = (
				AD24FFC42A0D32B20098DCA9 /* ConnectionFlow */,
				AD24FFC32A0D32AA0098DCA9 /* MainFlow */,
				C19ADC312A064AA20081F760 /* Constants.swift */,
			);
			path = View;
			sourceTree = "<group>";
		};
		68F7D2522A038B6400D7B874 /* ViewModel */ = {
			isa = PBXGroup;
			children = (
				AD24FFC82A0D34270098DCA9 /* MatchingCodeViewModel.swift */,
				2FD8C9A12A052C3F00666609 /* AuthViewModel.swift */,
			);
			path = ViewModel;
			sourceTree = "<group>";
		};
		AD24FFC32A0D32AA0098DCA9 /* MainFlow */ = {
			isa = PBXGroup;
			children = (
				AD24FFC52A0D330E0098DCA9 /* Home */,
				C16701872A051A4C00D3DFB4 /* ImageMarkUpView.swift */,
				C19ADC2F2A064A7B0081F760 /* ColorPickerView.swift */,
			);
			path = MainFlow;
			sourceTree = "<group>";
		};
		AD24FFC42A0D32B20098DCA9 /* ConnectionFlow */ = {
			isa = PBXGroup;
			children = (
				8AB30F9D2A04F78800AB274E /* MatchingCodeView.swift */,
				8AB30F9F2A053B1400AB274E /* MatchingLoadingView.swift */,
			);
			path = ConnectionFlow;
			sourceTree = "<group>";
		};
		AD24FFC52A0D330E0098DCA9 /* Home */ = {
			isa = PBXGroup;
			children = (
				4BE70B4B2A0398E000D7D588 /* YourYomangView.swift */,
				4B19E0CF2A088BFF00CF3F42 /* HomeView.swift */,
				4B19E0D52A09EEC200CF3F42 /* MyYomangView.swift */,
				AD24FFB72A0C7A340098DCA9 /* YomangImageView.swift */,
			);
			path = Home;
			sourceTree = "<group>";
		};
/* End PBXGroup section */

/* Begin PBXNativeTarget section */
		68F7D23E2A038B3700D7B874 /* Yomang */ = {
			isa = PBXNativeTarget;
			buildConfigurationList = 68F7D24D2A038B3800D7B874 /* Build configuration list for PBXNativeTarget "Yomang" */;
			buildPhases = (
				68F7D23B2A038B3700D7B874 /* Sources */,
				68F7D23C2A038B3700D7B874 /* Frameworks */,
				68F7D23D2A038B3700D7B874 /* Resources */,
			);
			buildRules = (
			);
			dependencies = (
			);
			name = Yomang;
			packageProductDependencies = (
				68F7D2582A0390EA00D7B874 /* FirebaseAnalytics */,
				68F7D25A2A0390EA00D7B874 /* FirebaseAnalyticsSwift */,
				68F7D25C2A0390EA00D7B874 /* FirebaseAppCheck */,
				68F7D25E2A0390EA00D7B874 /* FirebaseAuth */,
				68F7D2602A0390EA00D7B874 /* FirebaseAuthCombine-Community */,
				68F7D2622A0390EA00D7B874 /* FirebaseDatabase */,
				68F7D2642A0390EA00D7B874 /* FirebaseDatabaseSwift */,
				68F7D2682A0390EA00D7B874 /* FirebaseFirestoreCombine-Community */,
				68F7D26A2A0390EA00D7B874 /* FirebaseFirestoreSwift */,
				68F7D26C2A0390EA00D7B874 /* FirebaseMessaging */,
				68F7D26E2A0390EA00D7B874 /* FirebaseStorage */,
				68F7D2702A0390EA00D7B874 /* FirebaseStorageCombine-Community */,
				2FD8C99F2A04F4ED00666609 /* FirebaseFirestore */,
				2F70F3232A0A988100921844 /* Kingfisher */,
			);
			productName = Yomang;
			productReference = 68F7D23F2A038B3700D7B874 /* Yomang.app */;
			productType = "com.apple.product-type.application";
		};
/* End PBXNativeTarget section */

/* Begin PBXProject section */
		68F7D2372A038B3700D7B874 /* Project object */ = {
			isa = PBXProject;
			attributes = {
				BuildIndependentTargetsInParallel = 1;
				LastSwiftUpdateCheck = 1430;
				LastUpgradeCheck = 1430;
				TargetAttributes = {
					68F7D23E2A038B3700D7B874 = {
						CreatedOnToolsVersion = 14.3;
					};
				};
			};
			buildConfigurationList = 68F7D23A2A038B3700D7B874 /* Build configuration list for PBXProject "Yomang" */;
			compatibilityVersion = "Xcode 14.0";
			developmentRegion = en;
			hasScannedForEncodings = 0;
			knownRegions = (
				en,
				Base,
			);
			mainGroup = 68F7D2362A038B3700D7B874;
			packageReferences = (
				68F7D2572A0390E900D7B874 /* XCRemoteSwiftPackageReference "firebase-ios-sdk" */,
				2F70F3222A0A988100921844 /* XCRemoteSwiftPackageReference "Kingfisher" */,
			);
			productRefGroup = 68F7D2402A038B3700D7B874 /* Products */;
			projectDirPath = "";
			projectRoot = "";
			targets = (
				68F7D23E2A038B3700D7B874 /* Yomang */,
			);
		};
/* End PBXProject section */

/* Begin PBXResourcesBuildPhase section */
		68F7D23D2A038B3700D7B874 /* Resources */ = {
			isa = PBXResourcesBuildPhase;
			buildActionMask = 2147483647;
			files = (
				68F7D24A2A038B3800D7B874 /* Preview Assets.xcassets in Resources */,
				68F7D2472A038B3800D7B874 /* Assets.xcassets in Resources */,
				C167018E2A051BDA00D3DFB4 /* GoogleService-Info.plist in Resources */,
			);
			runOnlyForDeploymentPostprocessing = 0;
		};
/* End PBXResourcesBuildPhase section */

/* Begin PBXSourcesBuildPhase section */
		68F7D23B2A038B3700D7B874 /* Sources */ = {
			isa = PBXSourcesBuildPhase;
			buildActionMask = 2147483647;
			files = (
				AD24FFC92A0D34280098DCA9 /* MatchingCodeViewModel.swift in Sources */,
				4BE70B4C2A0398E000D7D588 /* YourYomangView.swift in Sources */,
				4B19E0D62A09EEC200CF3F42 /* MyYomangView.swift in Sources */,
				4B19E0D02A088BFF00CF3F42 /* HomeView.swift in Sources */,
				C19ADC302A064A7B0081F760 /* ColorPickerView.swift in Sources */,
				68F7D2452A038B3700D7B874 /* ContentView.swift in Sources */,
				4B19E0D42A088E9F00CF3F42 /* Color+Extension.swift in Sources */,
				8AB30F9E2A04F78800AB274E /* MatchingCodeView.swift in Sources */,
				AD24FFB82A0C7A340098DCA9 /* YomangImageView.swift in Sources */,
				68F7D2432A038B3700D7B874 /* YomangApp.swift in Sources */,
				C16701882A051A4C00D3DFB4 /* ImageMarkUpView.swift in Sources */,
				68F7D2542A038B7100D7B874 /* User.swift in Sources */,
				C19ADC322A064AA20081F760 /* Constants.swift in Sources */,
				2FD8C9A22A052C3F00666609 /* AuthViewModel.swift in Sources */,
				8AB30FA02A053B1400AB274E /* MatchingLoadingView.swift in Sources */,
			);
			runOnlyForDeploymentPostprocessing = 0;
		};
/* End PBXSourcesBuildPhase section */

/* Begin XCBuildConfiguration section */
		68F7D24B2A038B3800D7B874 /* Debug */ = {
			isa = XCBuildConfiguration;
			buildSettings = {
				ALWAYS_SEARCH_USER_PATHS = NO;
				CLANG_ANALYZER_NONNULL = YES;
				CLANG_ANALYZER_NUMBER_OBJECT_CONVERSION = YES_AGGRESSIVE;
				CLANG_CXX_LANGUAGE_STANDARD = "gnu++20";
				CLANG_ENABLE_MODULES = YES;
				CLANG_ENABLE_OBJC_ARC = YES;
				CLANG_ENABLE_OBJC_WEAK = YES;
				CLANG_WARN_BLOCK_CAPTURE_AUTORELEASING = YES;
				CLANG_WARN_BOOL_CONVERSION = YES;
				CLANG_WARN_COMMA = YES;
				CLANG_WARN_CONSTANT_CONVERSION = YES;
				CLANG_WARN_DEPRECATED_OBJC_IMPLEMENTATIONS = YES;
				CLANG_WARN_DIRECT_OBJC_ISA_USAGE = YES_ERROR;
				CLANG_WARN_DOCUMENTATION_COMMENTS = YES;
				CLANG_WARN_EMPTY_BODY = YES;
				CLANG_WARN_ENUM_CONVERSION = YES;
				CLANG_WARN_INFINITE_RECURSION = YES;
				CLANG_WARN_INT_CONVERSION = YES;
				CLANG_WARN_NON_LITERAL_NULL_CONVERSION = YES;
				CLANG_WARN_OBJC_IMPLICIT_RETAIN_SELF = YES;
				CLANG_WARN_OBJC_LITERAL_CONVERSION = YES;
				CLANG_WARN_OBJC_ROOT_CLASS = YES_ERROR;
				CLANG_WARN_QUOTED_INCLUDE_IN_FRAMEWORK_HEADER = YES;
				CLANG_WARN_RANGE_LOOP_ANALYSIS = YES;
				CLANG_WARN_STRICT_PROTOTYPES = YES;
				CLANG_WARN_SUSPICIOUS_MOVE = YES;
				CLANG_WARN_UNGUARDED_AVAILABILITY = YES_AGGRESSIVE;
				CLANG_WARN_UNREACHABLE_CODE = YES;
				CLANG_WARN__DUPLICATE_METHOD_MATCH = YES;
				COPY_PHASE_STRIP = NO;
				DEBUG_INFORMATION_FORMAT = dwarf;
				ENABLE_STRICT_OBJC_MSGSEND = YES;
				ENABLE_TESTABILITY = YES;
				GCC_C_LANGUAGE_STANDARD = gnu11;
				GCC_DYNAMIC_NO_PIC = NO;
				GCC_NO_COMMON_BLOCKS = YES;
				GCC_OPTIMIZATION_LEVEL = 0;
				GCC_PREPROCESSOR_DEFINITIONS = (
					"DEBUG=1",
					"$(inherited)",
				);
				GCC_WARN_64_TO_32_BIT_CONVERSION = YES;
				GCC_WARN_ABOUT_RETURN_TYPE = YES_ERROR;
				GCC_WARN_UNDECLARED_SELECTOR = YES;
				GCC_WARN_UNINITIALIZED_AUTOS = YES_AGGRESSIVE;
				GCC_WARN_UNUSED_FUNCTION = YES;
				GCC_WARN_UNUSED_VARIABLE = YES;
				IPHONEOS_DEPLOYMENT_TARGET = 16.2;
				MTL_ENABLE_DEBUG_INFO = INCLUDE_SOURCE;
				MTL_FAST_MATH = YES;
				ONLY_ACTIVE_ARCH = YES;
				SDKROOT = iphoneos;
				SWIFT_ACTIVE_COMPILATION_CONDITIONS = DEBUG;
				SWIFT_OPTIMIZATION_LEVEL = "-Onone";
			};
			name = Debug;
		};
		68F7D24C2A038B3800D7B874 /* Release */ = {
			isa = XCBuildConfiguration;
			buildSettings = {
				ALWAYS_SEARCH_USER_PATHS = NO;
				CLANG_ANALYZER_NONNULL = YES;
				CLANG_ANALYZER_NUMBER_OBJECT_CONVERSION = YES_AGGRESSIVE;
				CLANG_CXX_LANGUAGE_STANDARD = "gnu++20";
				CLANG_ENABLE_MODULES = YES;
				CLANG_ENABLE_OBJC_ARC = YES;
				CLANG_ENABLE_OBJC_WEAK = YES;
				CLANG_WARN_BLOCK_CAPTURE_AUTORELEASING = YES;
				CLANG_WARN_BOOL_CONVERSION = YES;
				CLANG_WARN_COMMA = YES;
				CLANG_WARN_CONSTANT_CONVERSION = YES;
				CLANG_WARN_DEPRECATED_OBJC_IMPLEMENTATIONS = YES;
				CLANG_WARN_DIRECT_OBJC_ISA_USAGE = YES_ERROR;
				CLANG_WARN_DOCUMENTATION_COMMENTS = YES;
				CLANG_WARN_EMPTY_BODY = YES;
				CLANG_WARN_ENUM_CONVERSION = YES;
				CLANG_WARN_INFINITE_RECURSION = YES;
				CLANG_WARN_INT_CONVERSION = YES;
				CLANG_WARN_NON_LITERAL_NULL_CONVERSION = YES;
				CLANG_WARN_OBJC_IMPLICIT_RETAIN_SELF = YES;
				CLANG_WARN_OBJC_LITERAL_CONVERSION = YES;
				CLANG_WARN_OBJC_ROOT_CLASS = YES_ERROR;
				CLANG_WARN_QUOTED_INCLUDE_IN_FRAMEWORK_HEADER = YES;
				CLANG_WARN_RANGE_LOOP_ANALYSIS = YES;
				CLANG_WARN_STRICT_PROTOTYPES = YES;
				CLANG_WARN_SUSPICIOUS_MOVE = YES;
				CLANG_WARN_UNGUARDED_AVAILABILITY = YES_AGGRESSIVE;
				CLANG_WARN_UNREACHABLE_CODE = YES;
				CLANG_WARN__DUPLICATE_METHOD_MATCH = YES;
				COPY_PHASE_STRIP = NO;
				DEBUG_INFORMATION_FORMAT = "dwarf-with-dsym";
				ENABLE_NS_ASSERTIONS = NO;
				ENABLE_STRICT_OBJC_MSGSEND = YES;
				GCC_C_LANGUAGE_STANDARD = gnu11;
				GCC_NO_COMMON_BLOCKS = YES;
				GCC_WARN_64_TO_32_BIT_CONVERSION = YES;
				GCC_WARN_ABOUT_RETURN_TYPE = YES_ERROR;
				GCC_WARN_UNDECLARED_SELECTOR = YES;
				GCC_WARN_UNINITIALIZED_AUTOS = YES_AGGRESSIVE;
				GCC_WARN_UNUSED_FUNCTION = YES;
				GCC_WARN_UNUSED_VARIABLE = YES;
				IPHONEOS_DEPLOYMENT_TARGET = 16.2;
				MTL_ENABLE_DEBUG_INFO = NO;
				MTL_FAST_MATH = YES;
				SDKROOT = iphoneos;
				SWIFT_COMPILATION_MODE = wholemodule;
				SWIFT_OPTIMIZATION_LEVEL = "-O";
				VALIDATE_PRODUCT = YES;
			};
			name = Release;
		};
		68F7D24E2A038B3800D7B874 /* Debug */ = {
			isa = XCBuildConfiguration;
			buildSettings = {
				ASSETCATALOG_COMPILER_APPICON_NAME = AppIcon;
				ASSETCATALOG_COMPILER_GLOBAL_ACCENT_COLOR_NAME = AccentColor;
				CODE_SIGN_STYLE = Automatic;
				CURRENT_PROJECT_VERSION = 1;
				DEVELOPMENT_ASSET_PATHS = "\"Yomang/Preview Content\"";
				DEVELOPMENT_TEAM = GBQ3ZW8V84;
				ENABLE_PREVIEWS = YES;
				GENERATE_INFOPLIST_FILE = YES;
				INFOPLIST_KEY_NSPhotoLibraryAddUsageDescription = "Get access to User Photo Library.";
				INFOPLIST_KEY_UIApplicationSceneManifest_Generation = YES;
				INFOPLIST_KEY_UIApplicationSupportsIndirectInputEvents = YES;
				INFOPLIST_KEY_UILaunchScreen_Generation = YES;
				INFOPLIST_KEY_UISupportedInterfaceOrientations_iPad = "UIInterfaceOrientationPortrait UIInterfaceOrientationPortraitUpsideDown UIInterfaceOrientationLandscapeLeft UIInterfaceOrientationLandscapeRight";
				INFOPLIST_KEY_UISupportedInterfaceOrientations_iPhone = "UIInterfaceOrientationPortrait UIInterfaceOrientationLandscapeLeft UIInterfaceOrientationLandscapeRight";
				LD_RUNPATH_SEARCH_PATHS = (
					"$(inherited)",
					"@executable_path/Frameworks",
				);
				MARKETING_VERSION = 1.0;
				PRODUCT_BUNDLE_IDENTIFIER = pos.youngsa.Yomang;
				PRODUCT_NAME = "$(TARGET_NAME)";
				SWIFT_EMIT_LOC_STRINGS = YES;
				SWIFT_VERSION = 5.0;
				TARGETED_DEVICE_FAMILY = "1,2";
			};
			name = Debug;
		};
		68F7D24F2A038B3800D7B874 /* Release */ = {
			isa = XCBuildConfiguration;
			buildSettings = {
				ASSETCATALOG_COMPILER_APPICON_NAME = AppIcon;
				ASSETCATALOG_COMPILER_GLOBAL_ACCENT_COLOR_NAME = AccentColor;
				CODE_SIGN_STYLE = Automatic;
				CURRENT_PROJECT_VERSION = 1;
				DEVELOPMENT_ASSET_PATHS = "\"Yomang/Preview Content\"";
				DEVELOPMENT_TEAM = GBQ3ZW8V84;
				ENABLE_PREVIEWS = YES;
				GENERATE_INFOPLIST_FILE = YES;
				INFOPLIST_KEY_NSPhotoLibraryAddUsageDescription = "Get access to User Photo Library.";
				INFOPLIST_KEY_UIApplicationSceneManifest_Generation = YES;
				INFOPLIST_KEY_UIApplicationSupportsIndirectInputEvents = YES;
				INFOPLIST_KEY_UILaunchScreen_Generation = YES;
				INFOPLIST_KEY_UISupportedInterfaceOrientations_iPad = "UIInterfaceOrientationPortrait UIInterfaceOrientationPortraitUpsideDown UIInterfaceOrientationLandscapeLeft UIInterfaceOrientationLandscapeRight";
				INFOPLIST_KEY_UISupportedInterfaceOrientations_iPhone = "UIInterfaceOrientationPortrait UIInterfaceOrientationLandscapeLeft UIInterfaceOrientationLandscapeRight";
				LD_RUNPATH_SEARCH_PATHS = (
					"$(inherited)",
					"@executable_path/Frameworks",
				);
				MARKETING_VERSION = 1.0;
				PRODUCT_BUNDLE_IDENTIFIER = pos.youngsa.Yomang;
				PRODUCT_NAME = "$(TARGET_NAME)";
				SWIFT_EMIT_LOC_STRINGS = YES;
				SWIFT_VERSION = 5.0;
				TARGETED_DEVICE_FAMILY = "1,2";
			};
			name = Release;
		};
/* End XCBuildConfiguration section */

/* Begin XCConfigurationList section */
		68F7D23A2A038B3700D7B874 /* Build configuration list for PBXProject "Yomang" */ = {
			isa = XCConfigurationList;
			buildConfigurations = (
				68F7D24B2A038B3800D7B874 /* Debug */,
				68F7D24C2A038B3800D7B874 /* Release */,
			);
			defaultConfigurationIsVisible = 0;
			defaultConfigurationName = Release;
		};
		68F7D24D2A038B3800D7B874 /* Build configuration list for PBXNativeTarget "Yomang" */ = {
			isa = XCConfigurationList;
			buildConfigurations = (
				68F7D24E2A038B3800D7B874 /* Debug */,
				68F7D24F2A038B3800D7B874 /* Release */,
			);
			defaultConfigurationIsVisible = 0;
			defaultConfigurationName = Release;
		};
/* End XCConfigurationList section */

/* Begin XCRemoteSwiftPackageReference section */
		2F70F3222A0A988100921844 /* XCRemoteSwiftPackageReference "Kingfisher" */ = {
			isa = XCRemoteSwiftPackageReference;
			repositoryURL = "https://github.com/onevcat/Kingfisher.git";
			requirement = {
				kind = upToNextMajorVersion;
				minimumVersion = 7.0.0;
			};
		};
		68F7D2572A0390E900D7B874 /* XCRemoteSwiftPackageReference "firebase-ios-sdk" */ = {
			isa = XCRemoteSwiftPackageReference;
			repositoryURL = "https://github.com/firebase/firebase-ios-sdk";
			requirement = {
				kind = upToNextMajorVersion;
				minimumVersion = 10.0.0;
			};
		};
/* End XCRemoteSwiftPackageReference section */

/* Begin XCSwiftPackageProductDependency section */
		2F70F3232A0A988100921844 /* Kingfisher */ = {
			isa = XCSwiftPackageProductDependency;
			package = 2F70F3222A0A988100921844 /* XCRemoteSwiftPackageReference "Kingfisher" */;
			productName = Kingfisher;
		};
		2FD8C99F2A04F4ED00666609 /* FirebaseFirestore */ = {
			isa = XCSwiftPackageProductDependency;
			package = 68F7D2572A0390E900D7B874 /* XCRemoteSwiftPackageReference "firebase-ios-sdk" */;
			productName = FirebaseFirestore;
		};
		68F7D2582A0390EA00D7B874 /* FirebaseAnalytics */ = {
			isa = XCSwiftPackageProductDependency;
			package = 68F7D2572A0390E900D7B874 /* XCRemoteSwiftPackageReference "firebase-ios-sdk" */;
			productName = FirebaseAnalytics;
		};
		68F7D25A2A0390EA00D7B874 /* FirebaseAnalyticsSwift */ = {
			isa = XCSwiftPackageProductDependency;
			package = 68F7D2572A0390E900D7B874 /* XCRemoteSwiftPackageReference "firebase-ios-sdk" */;
			productName = FirebaseAnalyticsSwift;
		};
		68F7D25C2A0390EA00D7B874 /* FirebaseAppCheck */ = {
			isa = XCSwiftPackageProductDependency;
			package = 68F7D2572A0390E900D7B874 /* XCRemoteSwiftPackageReference "firebase-ios-sdk" */;
			productName = FirebaseAppCheck;
		};
		68F7D25E2A0390EA00D7B874 /* FirebaseAuth */ = {
			isa = XCSwiftPackageProductDependency;
			package = 68F7D2572A0390E900D7B874 /* XCRemoteSwiftPackageReference "firebase-ios-sdk" */;
			productName = FirebaseAuth;
		};
		68F7D2602A0390EA00D7B874 /* FirebaseAuthCombine-Community */ = {
			isa = XCSwiftPackageProductDependency;
			package = 68F7D2572A0390E900D7B874 /* XCRemoteSwiftPackageReference "firebase-ios-sdk" */;
			productName = "FirebaseAuthCombine-Community";
		};
		68F7D2622A0390EA00D7B874 /* FirebaseDatabase */ = {
			isa = XCSwiftPackageProductDependency;
			package = 68F7D2572A0390E900D7B874 /* XCRemoteSwiftPackageReference "firebase-ios-sdk" */;
			productName = FirebaseDatabase;
		};
		68F7D2642A0390EA00D7B874 /* FirebaseDatabaseSwift */ = {
			isa = XCSwiftPackageProductDependency;
			package = 68F7D2572A0390E900D7B874 /* XCRemoteSwiftPackageReference "firebase-ios-sdk" */;
			productName = FirebaseDatabaseSwift;
		};
		68F7D2682A0390EA00D7B874 /* FirebaseFirestoreCombine-Community */ = {
			isa = XCSwiftPackageProductDependency;
			package = 68F7D2572A0390E900D7B874 /* XCRemoteSwiftPackageReference "firebase-ios-sdk" */;
			productName = "FirebaseFirestoreCombine-Community";
		};
		68F7D26A2A0390EA00D7B874 /* FirebaseFirestoreSwift */ = {
			isa = XCSwiftPackageProductDependency;
			package = 68F7D2572A0390E900D7B874 /* XCRemoteSwiftPackageReference "firebase-ios-sdk" */;
			productName = FirebaseFirestoreSwift;
		};
		68F7D26C2A0390EA00D7B874 /* FirebaseMessaging */ = {
			isa = XCSwiftPackageProductDependency;
			package = 68F7D2572A0390E900D7B874 /* XCRemoteSwiftPackageReference "firebase-ios-sdk" */;
			productName = FirebaseMessaging;
		};
		68F7D26E2A0390EA00D7B874 /* FirebaseStorage */ = {
			isa = XCSwiftPackageProductDependency;
			package = 68F7D2572A0390E900D7B874 /* XCRemoteSwiftPackageReference "firebase-ios-sdk" */;
			productName = FirebaseStorage;
		};
		68F7D2702A0390EA00D7B874 /* FirebaseStorageCombine-Community */ = {
			isa = XCSwiftPackageProductDependency;
			package = 68F7D2572A0390E900D7B874 /* XCRemoteSwiftPackageReference "firebase-ios-sdk" */;
			productName = "FirebaseStorageCombine-Community";
		};
/* End XCSwiftPackageProductDependency section */
	};
	rootObject = 68F7D2372A038B3700D7B874 /* Project object */;
}
